
Microsoft Visual Studio Solution File, Format Version 12.00
# Visual Studio Version 17
VisualStudioVersion = 17.1.32210.238
MinimumVisualStudioVersion = 10.0.40219.1
Project("{FAE04EC0-301F-11D3-BF4B-00C04F79EFBC}") = "SuperHeroWomanAPI_DB", "SuperHeroWomanAPI_DB\SuperHeroWomanAPI_DB.csproj", "{F6DCEA5D-4C6B-41D0-A9A2-4ACFB27994F0}"
EndProject
Global
	GlobalSection(SolutionConfigurationPlatforms) = preSolution
		Debug|Any CPU = Debug|Any CPU
		Release|Any CPU = Release|Any CPU
	EndGlobalSection
	GlobalSection(ProjectConfigurationPlatforms) = postSolution
		{F6DCEA5D-4C6B-41D0-A9A2-4ACFB27994F0}.Debug|Any CPU.ActiveCfg = Debug|Any CPU
		{F6DCEA5D-4C6B-41D0-A9A2-4ACFB27994F0}.Debug|Any CPU.Build.0 = Debug|Any CPU
		{F6DCEA5D-4C6B-41D0-A9A2-4ACFB27994F0}.Release|Any CPU.ActiveCfg = Release|Any CPU
		{F6DCEA5D-4C6B-41D0-A9A2-4ACFB27994F0}.Release|Any CPU.Build.0 = Release|Any CPU
	EndGlobalSection
	GlobalSection(SolutionProperties) = preSolution
		HideSolutionNode = FALSE
	EndGlobalSection
	GlobalSection(ExtensibilityGlobals) = postSolution
		SolutionGuid = {1F6941B5-B99D-4EAB-B73A-90896C5B1274}
	EndGlobalSection
EndGlobal
